
Microsoft Visual Studio Solution File, Format Version 12.00
# Visual Studio 2013
VisualStudioVersion = 12.0.40629.0
MinimumVisualStudioVersion = 10.0.40219.1
Project("{FAE04EC0-301F-11D3-BF4B-00C04F79EFBC}") = "SportStore.Web", "SportStore.Web\SportStore.Web.csproj", "{8B736B1C-614C-4063-9C74-F7B245FA2215}"
EndProject
Project("{FAE04EC0-301F-11D3-BF4B-00C04F79EFBC}") = "SportStore.Tests", "SportStore.Tests\SportStore.Tests.csproj", "{3687E48E-F9E1-40DA-9044-47FBF9BC23D4}"
EndProject
Global
	GlobalSection(SolutionConfigurationPlatforms) = preSolution
		Debug|Any CPU = Debug|Any CPU
		Release|Any CPU = Release|Any CPU
	EndGlobalSection
	GlobalSection(ProjectConfigurationPlatforms) = postSolution
		{8B736B1C-614C-4063-9C74-F7B245FA2215}.Debug|Any CPU.ActiveCfg = Debug|Any CPU
		{8B736B1C-614C-4063-9C74-F7B245FA2215}.Debug|Any CPU.Build.0 = Debug|Any CPU
		{8B736B1C-614C-4063-9C74-F7B245FA2215}.Release|Any CPU.ActiveCfg = Release|Any CPU
		{8B736B1C-614C-4063-9C74-F7B245FA2215}.Release|Any CPU.Build.0 = Release|Any CPU
		{3687E48E-F9E1-40DA-9044-47FBF9BC23D4}.Debug|Any CPU.ActiveCfg = Debug|Any CPU
		{3687E48E-F9E1-40DA-9044-47FBF9BC23D4}.Debug|Any CPU.Build.0 = Debug|Any CPU
		{3687E48E-F9E1-40DA-9044-47FBF9BC23D4}.Release|Any CPU.ActiveCfg = Release|Any CPU
		{3687E48E-F9E1-40DA-9044-47FBF9BC23D4}.Release|Any CPU.Build.0 = Release|Any CPU
	EndGlobalSection
	GlobalSection(SolutionProperties) = preSolution
		HideSolutionNode = FALSE
	EndGlobalSection
EndGlobal
